
Microsoft Visual Studio Solution File, Format Version 12.00
# Visual Studio Version 16
VisualStudioVersion = 16.0.30907.101
MinimumVisualStudioVersion = 10.0.40219.1
Project("{9A19103F-16F7-4668-BE54-9A1E7A4F7556}") = "XUnitTestProject1", "XUnitTestProject1\XUnitTestProject1.csproj", "{03C33FB7-2869-4D4F-BC8B-FB44D4FB9BD0}"
EndProject
Global
	GlobalSection(SolutionConfigurationPlatforms) = preSolution
		Debug|Any CPU = Debug|Any CPU
		Release|Any CPU = Release|Any CPU
	EndGlobalSection
	GlobalSection(ProjectConfigurationPlatforms) = postSolution
		{03C33FB7-2869-4D4F-BC8B-FB44D4FB9BD0}.Debug|Any CPU.ActiveCfg = Debug|Any CPU
		{03C33FB7-2869-4D4F-BC8B-FB44D4FB9BD0}.Debug|Any CPU.Build.0 = Debug|Any CPU
		{03C33FB7-2869-4D4F-BC8B-FB44D4FB9BD0}.Release|Any CPU.ActiveCfg = Release|Any CPU
		{03C33FB7-2869-4D4F-BC8B-FB44D4FB9BD0}.Release|Any CPU.Build.0 = Release|Any CPU
	EndGlobalSection
	GlobalSection(SolutionProperties) = preSolution
		HideSolutionNode = FALSE
	EndGlobalSection
	GlobalSection(ExtensibilityGlobals) = postSolution
		SolutionGuid = {2DEAAA20-EFD8-494A-B948-3DAA4158BD8E}
	EndGlobalSection
EndGlobal
